
Microsoft Visual Studio Solution File, Format Version 12.00
# Visual Studio 15
VisualStudioVersion = 15.0.28307.1082
MinimumVisualStudioVersion = 10.0.40219.1
Project("{FAE04EC0-301F-11D3-BF4B-00C04F79EFBC}") = "CircuitSimulator", "CircuitSimulator.csproj", "{E5DF8677-078A-4F74-9E8A-4C194231D87C}"
EndProject
Global
	GlobalSection(SolutionConfigurationPlatforms) = preSolution
		Debug|Any CPU = Debug|Any CPU
		Release|Any CPU = Release|Any CPU
	EndGlobalSection
	GlobalSection(ProjectConfigurationPlatforms) = postSolution
		{E5DF8677-078A-4F74-9E8A-4C194231D87C}.Debug|Any CPU.ActiveCfg = Debug|Any CPU
		{E5DF8677-078A-4F74-9E8A-4C194231D87C}.Debug|Any CPU.Build.0 = Debug|Any CPU
		{E5DF8677-078A-4F74-9E8A-4C194231D87C}.Release|Any CPU.ActiveCfg = Release|Any CPU
		{E5DF8677-078A-4F74-9E8A-4C194231D87C}.Release|Any CPU.Build.0 = Release|Any CPU
	EndGlobalSection
	GlobalSection(SolutionProperties) = preSolution
		HideSolutionNode = FALSE
	EndGlobalSection
	GlobalSection(ExtensibilityGlobals) = postSolution
		SolutionGuid = {8E90FC45-BA11-414D-AA9C-F8FEABB9B1B1}
	EndGlobalSection
EndGlobal
